
Microsoft Visual Studio Solution File, Format Version 12.00
# Visual Studio Version 17
VisualStudioVersion = 17.9.34714.143
MinimumVisualStudioVersion = 10.0.40219.1
Project("{FAE04EC0-301F-11D3-BF4B-00C04F79EFBC}") = "nexus2", "nexus2.csproj", "{9738ED93-1B9B-4A93-B0D6-C5771A0D2306}"
EndProject
Global
	GlobalSection(SolutionConfigurationPlatforms) = preSolution
		Debug|Any CPU = Debug|Any CPU
		Release|Any CPU = Release|Any CPU
	EndGlobalSection
	GlobalSection(ProjectConfigurationPlatforms) = postSolution
		{9738ED93-1B9B-4A93-B0D6-C5771A0D2306}.Debug|Any CPU.ActiveCfg = Debug|Any CPU
		{9738ED93-1B9B-4A93-B0D6-C5771A0D2306}.Debug|Any CPU.Build.0 = Debug|Any CPU
		{9738ED93-1B9B-4A93-B0D6-C5771A0D2306}.Release|Any CPU.ActiveCfg = Release|Any CPU
		{9738ED93-1B9B-4A93-B0D6-C5771A0D2306}.Release|Any CPU.Build.0 = Release|Any CPU
	EndGlobalSection
	GlobalSection(SolutionProperties) = preSolution
		HideSolutionNode = FALSE
	EndGlobalSection
	GlobalSection(ExtensibilityGlobals) = postSolution
		SolutionGuid = {686AC028-580A-41FD-9999-D9D74DD1AA3B}
	EndGlobalSection
EndGlobal
